
Microsoft Visual Studio Solution File, Format Version 12.00
# Visual Studio Version 17
VisualStudioVersion = 17.5.33209.295
MinimumVisualStudioVersion = 10.0.40219.1
Project("{FAE04EC0-301F-11D3-BF4B-00C04F79EFBC}") = "Adb.Net-App", "Adb.Net-App\Adb.Net-App.csproj", "{572FBA4C-E27E-40E5-B313-CC3F5AA807E3}"
EndProject
Project("{FAE04EC0-301F-11D3-BF4B-00C04F79EFBC}") = "FluentAdb", "FluentAdb.Net\FluentAdb\FluentAdb.csproj", "{5C52C949-76B5-4490-B2FA-2B9BB029EAA1}"
EndProject
Global
	GlobalSection(SolutionConfigurationPlatforms) = preSolution
		Debug|Any CPU = Debug|Any CPU
		Release|Any CPU = Release|Any CPU
	EndGlobalSection
	GlobalSection(ProjectConfigurationPlatforms) = postSolution
		{572FBA4C-E27E-40E5-B313-CC3F5AA807E3}.Debug|Any CPU.ActiveCfg = Debug|Any CPU
		{572FBA4C-E27E-40E5-B313-CC3F5AA807E3}.Debug|Any CPU.Build.0 = Debug|Any CPU
		{572FBA4C-E27E-40E5-B313-CC3F5AA807E3}.Release|Any CPU.ActiveCfg = Release|Any CPU
		{572FBA4C-E27E-40E5-B313-CC3F5AA807E3}.Release|Any CPU.Build.0 = Release|Any CPU
		{5C52C949-76B5-4490-B2FA-2B9BB029EAA1}.Debug|Any CPU.ActiveCfg = Debug|Any CPU
		{5C52C949-76B5-4490-B2FA-2B9BB029EAA1}.Debug|Any CPU.Build.0 = Debug|Any CPU
		{5C52C949-76B5-4490-B2FA-2B9BB029EAA1}.Release|Any CPU.ActiveCfg = Release|Any CPU
		{5C52C949-76B5-4490-B2FA-2B9BB029EAA1}.Release|Any CPU.Build.0 = Release|Any CPU
	EndGlobalSection
	GlobalSection(SolutionProperties) = preSolution
		HideSolutionNode = FALSE
	EndGlobalSection
	GlobalSection(ExtensibilityGlobals) = postSolution
		SolutionGuid = {97026484-2D34-4872-8B62-7671EE82A0BA}
	EndGlobalSection
EndGlobal
